// !$*UTF8*$!
{
	archiveVersion = 1;
	classes = {
	};
	objectVersion = 46;
	objects = {

/* Begin PBXBuildFile section */
		F19106B21D2F648F0076F446 /* main.m in Sources */ = {isa = PBXBuildFile; fileRef = F19106B11D2F648F0076F446 /* main.m */; };
		F19106B51D2F648F0076F446 /* AppDelegate.m in Sources */ = {isa = PBXBuildFile; fileRef = F19106B41D2F648F0076F446 /* AppDelegate.m */; };
		F19106B81D2F648F0076F446 /* ViewController.m in Sources */ = {isa = PBXBuildFile; fileRef = F19106B71D2F648F0076F446 /* ViewController.m */; };
		F19106BB1D2F648F0076F446 /* Main.storyboard in Resources */ = {isa = PBXBuildFile; fileRef = F19106B91D2F648F0076F446 /* Main.storyboard */; };
		F19106C01D2F648F0076F446 /* LaunchScreen.storyboard in Resources */ = {isa = PBXBuildFile; fileRef = F19106BE1D2F648F0076F446 /* LaunchScreen.storyboard */; };
		F19106C91D2F71180076F446 /* refsh.m in Sources */ = {isa = PBXBuildFile; fileRef = F19106C81D2F71180076F446 /* refsh.m */; };
		F19106CB1D2F71330076F446 /* refsh.xib in Resources */ = {isa = PBXBuildFile; fileRef = F19106CA1D2F71330076F446 /* refsh.xib */; };
		F19106CD1D2F71F30076F446 /* Assets.xcassets in Resources */ = {isa = PBXBuildFile; fileRef = F19106CC1D2F71F30076F446 /* Assets.xcassets */; };
		F1D9F21E1D30D5DE00984FB7 /* refshControl.m in Sources */ = {isa = PBXBuildFile; fileRef = F1D9F21D1D30D5DE00984FB7 /* refshControl.m */; };
/* End PBXBuildFile section */

/* Begin PBXFileReference section */
		F19106AD1D2F648F0076F446 /* 上啦控件.app */ = {isa = PBXFileReference; explicitFileType = wrapper.application; includeInIndex = 0; path = "上啦控件.app"; sourceTree = BUILT_PRODUCTS_DIR; };
		F19106B11D2F648F0076F446 /* main.m */ = {isa = PBXFileReference; lastKnownFileType = sourcecode.c.objc; path = main.m; sourceTree = "<group>"; };
		F19106B31D2F648F0076F446 /* AppDelegate.h */ = {isa = PBXFileReference; lastKnownFileType = sourcecode.c.h; path = AppDelegate.h; sourceTree = "<group>"; };
		F19106B41D2F648F0076F446 /* AppDelegate.m */ = {isa = PBXFileReference; lastKnownFileType = sourcecode.c.objc; path = AppDelegate.m; sourceTree = "<group>"; };
		F19106B61D2F648F0076F446 /* ViewController.h */ = {isa = PBXFileReference; lastKnownFileType = sourcecode.c.h; path = ViewController.h; sourceTree = "<group>"; };
		F19106B71D2F648F0076F446 /* ViewController.m */ = {isa = PBXFileReference; lastKnownFileType = sourcecode.c.objc; path = ViewController.m; sourceTree = "<group>"; };
		F19106BA1D2F648F0076F446 /* Base */ = {isa = PBXFileReference; lastKnownFileType = file.storyboard; name = Base; path = Base.lproj/Main.storyboard; sourceTree = "<group>"; };
		F19106BF1D2F648F0076F446 /* Base */ = {isa = PBXFileReference; lastKnownFileType = file.storyboard; name = Base; path = Base.lproj/LaunchScreen.storyboard; sourceTree = "<group>"; };
		F19106C11D2F648F0076F446 /* Info.plist */ = {isa = PBXFileReference; lastKnownFileType = text.plist.xml; path = Info.plist; sourceTree = "<group>"; };
		F19106C71D2F71170076F446 /* refsh.h */ = {isa = PBXFileReference; fileEncoding = 4; lastKnownFileType = sourcecode.c.h; path = refsh.h; sourceTree = "<group>"; };
		F19106C81D2F71180076F446 /* refsh.m */ = {isa = PBXFileReference; fileEncoding = 4; lastKnownFileType = sourcecode.c.objc; path = refsh.m; sourceTree = "<group>"; };
		F19106CA1D2F71330076F446 /* refsh.xib */ = {isa = PBXFileReference; fileEncoding = 4; lastKnownFileType = file.xib; path = refsh.xib; sourceTree = "<group>"; };
		F19106CC1D2F71F30076F446 /* Assets.xcassets */ = {isa = PBXFileReference; lastKnownFileType = folder.assetcatalog; path = Assets.xcassets; sourceTree = "<group>"; };
		F1D9F21C1D30D5DE00984FB7 /* refshControl.h */ = {isa = PBXFileReference; fileEncoding = 4; lastKnownFileType = sourcecode.c.h; path = refshControl.h; sourceTree = "<group>"; };
		F1D9F21D1D30D5DE00984FB7 /* refshControl.m */ = {isa = PBXFileReference; fileEncoding = 4; lastKnownFileType = sourcecode.c.objc; path = refshControl.m; sourceTree = "<group>"; };
/* End PBXFileReference section */

/* Begin PBXFrameworksBuildPhase section */
		F19106AA1D2F648F0076F446 /* Frameworks */ = {
			isa = PBXFrameworksBuildPhase;
			buildActionMask = 2147483647;
			files = (
			);
			runOnlyForDeploymentPostprocessing = 0;
		};
/* End PBXFrameworksBuildPhase section */

/* Begin PBXGroup section */
		F19106A41D2F648F0076F446 = {
			isa = PBXGroup;
			children = (
				F19106AF1D2F648F0076F446 /* 上啦控件 */,
				F19106AE1D2F648F0076F446 /* Products */,
			);
			sourceTree = "<group>";
		};
		F19106AE1D2F648F0076F446 /* Products */ = {
			isa = PBXGroup;
			children = (
				F19106AD1D2F648F0076F446 /* 上啦控件.app */,
			);
			name = Products;
			sourceTree = "<group>";
		};
		F19106AF1D2F648F0076F446 /* 上啦控件 */ = {
			isa = PBXGroup;
			children = (
				F19106B31D2F648F0076F446 /* AppDelegate.h */,
				F19106B41D2F648F0076F446 /* AppDelegate.m */,
				F19106B61D2F648F0076F446 /* ViewController.h */,
				F19106B71D2F648F0076F446 /* ViewController.m */,
				F1D9F21C1D30D5DE00984FB7 /* refshControl.h */,
				F1D9F21D1D30D5DE00984FB7 /* refshControl.m */,
				F19106C71D2F71170076F446 /* refsh.h */,
				F19106C81D2F71180076F446 /* refsh.m */,
				F19106CC1D2F71F30076F446 /* Assets.xcassets */,
				F19106CA1D2F71330076F446 /* refsh.xib */,
				F19106B91D2F648F0076F446 /* Main.storyboard */,
				F19106BE1D2F648F0076F446 /* LaunchScreen.storyboard */,
				F19106C11D2F648F0076F446 /* Info.plist */,
				F19106B01D2F648F0076F446 /* Supporting Files */,
			);
			path = "上啦控件";
			sourceTree = "<group>";
		};
		F19106B01D2F648F0076F446 /* Supporting Files */ = {
			isa = PBXGroup;
			children = (
				F19106B11D2F648F0076F446 /* main.m */,
			);
			name = "Supporting Files";
			sourceTree = "<group>";
		};
/* End PBXGroup section */

/* Begin PBXNativeTarget section */
		F19106AC1D2F648F0076F446 /* 上啦控件 */ = {
			isa = PBXNativeTarget;
			buildConfigurationList = F19106C41D2F648F0076F446 /* Build configuration list for PBXNativeTarget "上啦控件" */;
			buildPhases = (
				F19106A91D2F648F0076F446 /* Sources */,
				F19106AA1D2F648F0076F446 /* Frameworks */,
				F19106AB1D2F648F0076F446 /* Resources */,
			);
			buildRules = (
			);
			dependencies = (
			);
			name = "上啦控件";
			productName = "上啦控件";
			productReference = F19106AD1D2F648F0076F446 /* 上啦控件.app */;
			productType = "com.apple.product-type.application";
		};
/* End PBXNativeTarget section */

/* Begin PBXProject section */
		F19106A51D2F648F0076F446 /* Project object */ = {
			isa = PBXProject;
			attributes = {
				LastUpgradeCheck = 0800;
				ORGANIZATIONNAME = "第一小组";
				TargetAttributes = {
					F19106AC1D2F648F0076F446 = {
						CreatedOnToolsVersion = 8.0;
						ProvisioningStyle = Automatic;
					};
				};
			};
			buildConfigurationList = F19106A81D2F648F0076F446 /* Build configuration list for PBXProject "上啦控件" */;
			compatibilityVersion = "Xcode 3.2";
			developmentRegion = English;
			hasScannedForEncodings = 0;
			knownRegions = (
				en,
				Base,
			);
			mainGroup = F19106A41D2F648F0076F446;
			productRefGroup = F19106AE1D2F648F0076F446 /* Products */;
			projectDirPath = "";
			projectRoot = "";
			targets = (
				F19106AC1D2F648F0076F446 /* 上啦控件 */,
			);
		};
/* End PBXProject section */

/* Begin PBXResourcesBuildPhase section */
		F19106AB1D2F648F0076F446 /* Resources */ = {
			isa = PBXResourcesBuildPhase;
			buildActionMask = 2147483647;
			files = (
				F19106C01D2F648F0076F446 /* LaunchScreen.storyboard in Resources */,
				F19106CB1D2F71330076F446 /* refsh.xib in Resources */,
				F19106CD1D2F71F30076F446 /* Assets.xcassets in Resources */,
				F19106BB1D2F648F0076F446 /* Main.storyboard in Resources */,
			);
			runOnlyForDeploymentPostprocessing = 0;
		};
/* End PBXResourcesBuildPhase section */

/* Begin PBXSourcesBuildPhase section */
		F19106A91D2F648F0076F446 /* Sources */ = {
			isa = PBXSourcesBuildPhase;
			buildActionMask = 2147483647;
			files = (
				F19106B81D2F648F0076F446 /* ViewController.m in Sources */,
				F19106B51D2F648F0076F446 /* AppDelegate.m in Sources */,
				F1D9F21E1D30D5DE00984FB7 /* refshControl.m in Sources */,
				F19106C91D2F71180076F446 /* refsh.m in Sources */,
				F19106B21D2F648F0076F446 /* main.m in Sources */,
			);
			runOnlyForDeploymentPostprocessing = 0;
		};
/* End PBXSourcesBuildPhase section */

/* Begin PBXVariantGroup section */
		F19106B91D2F648F0076F446 /* Main.storyboard */ = {
			isa = PBXVariantGroup;
			children = (
				F19106BA1D2F648F0076F446 /* Base */,
			);
			name = Main.storyboard;
			sourceTree = "<group>";
		};
		F19106BE1D2F648F0076F446 /* LaunchScreen.storyboard */ = {
			isa = PBXVariantGroup;
			children = (
				F19106BF1D2F648F0076F446 /* Base */,
			);
			name = LaunchScreen.storyboard;
			sourceTree = "<group>";
		};
/* End PBXVariantGroup section */

/* Begin XCBuildConfiguration section */
		F19106C21D2F648F0076F446 /* Debug */ = {
			isa = XCBuildConfiguration;
			buildSettings = {
				ALWAYS_SEARCH_USER_PATHS = NO;
				CLANG_ANALYZER_NONNULL = YES;
				CLANG_CXX_LANGUAGE_STANDARD = "gnu++0x";
				CLANG_CXX_LIBRARY = "libc++";
				CLANG_ENABLE_MODULES = YES;
				CLANG_ENABLE_OBJC_ARC = YES;
				CLANG_WARN_BOOL_CONVERSION = YES;
				CLANG_WARN_CONSTANT_CONVERSION = YES;
				CLANG_WARN_DIRECT_OBJC_ISA_USAGE = YES_ERROR;
				CLANG_WARN_DOCUMENTATION_COMMENTS = YES;
				CLANG_WARN_EMPTY_BODY = YES;
				CLANG_WARN_ENUM_CONVERSION = YES;
				CLANG_WARN_INT_CONVERSION = YES;
				CLANG_WARN_OBJC_ROOT_CLASS = YES_ERROR;
				CLANG_WARN_UNREACHABLE_CODE = YES;
				CLANG_WARN__DUPLICATE_METHOD_MATCH = YES;
				"CODE_SIGN_IDENTITY[sdk=iphoneos*]" = "iPhone Developer";
				COPY_PHASE_STRIP = NO;
				DEBUG_INFORMATION_FORMAT = dwarf;
				ENABLE_STRICT_OBJC_MSGSEND = YES;
				ENABLE_TESTABILITY = YES;
				GCC_C_LANGUAGE_STANDARD = gnu99;
				GCC_DYNAMIC_NO_PIC = NO;
				GCC_NO_COMMON_BLOCKS = YES;
				GCC_OPTIMIZATION_LEVEL = 0;
				GCC_PREPROCESSOR_DEFINITIONS = (
					"DEBUG=1",
					"$(inherited)",
				);
				GCC_WARN_64_TO_32_BIT_CONVERSION = YES;
				GCC_WARN_ABOUT_RETURN_TYPE = YES_ERROR;
				GCC_WARN_UNDECLARED_SELECTOR = YES;
				GCC_WARN_UNINITIALIZED_AUTOS = YES_AGGRESSIVE;
				GCC_WARN_UNUSED_FUNCTION = YES;
				GCC_WARN_UNUSED_VARIABLE = YES;
				IPHONEOS_DEPLOYMENT_TARGET = 10.0;
				MTL_ENABLE_DEBUG_INFO = YES;
				ONLY_ACTIVE_ARCH = YES;
				SDKROOT = iphoneos;
				TARGETED_DEVICE_FAMILY = "1,2";
			};
			name = Debug;
		};
		F19106C31D2F648F0076F446 /* Release */ = {
			isa = XCBuildConfiguration;
			buildSettings = {
				ALWAYS_SEARCH_USER_PATHS = NO;
				CLANG_ANALYZER_NONNULL = YES;
				CLANG_CXX_LANGUAGE_STANDARD = "gnu++0x";
				CLANG_CXX_LIBRARY = "libc++";
				CLANG_ENABLE_MODULES = YES;
				CLANG_ENABLE_OBJC_ARC = YES;
				CLANG_WARN_BOOL_CONVERSION = YES;
				CLANG_WARN_CONSTANT_CONVERSION = YES;
				CLANG_WARN_DIRECT_OBJC_ISA_USAGE = YES_ERROR;
				CLANG_WARN_DOCUMENTATION_COMMENTS = YES;
				CLANG_WARN_EMPTY_BODY = YES;
				CLANG_WARN_ENUM_CONVERSION = YES;
				CLANG_WARN_INT_CONVERSION = YES;
				CLANG_WARN_OBJC_ROOT_CLASS = YES_ERROR;
				CLANG_WARN_UNREACHABLE_CODE = YES;
				CLANG_WARN__DUPLICATE_METHOD_MATCH = YES;
				"CODE_SIGN_IDENTITY[sdk=iphoneos*]" = "iPhone Developer";
				COPY_PHASE_STRIP = NO;
				DEBUG_INFORMATION_FORMAT = "dwarf-with-dsym";
				ENABLE_NS_ASSERTIONS = NO;
				ENABLE_STRICT_OBJC_MSGSEND = YES;
				GCC_C_LANGUAGE_STANDARD = gnu99;
				GCC_NO_COMMON_BLOCKS = YES;
				GCC_WARN_64_TO_32_BIT_CONVERSION = YES;
				GCC_WARN_ABOUT_RETURN_TYPE = YES_ERROR;
				GCC_WARN_UNDECLARED_SELECTOR = YES;
				GCC_WARN_UNINITIALIZED_AUTOS = YES_AGGRESSIVE;
				GCC_WARN_UNUSED_FUNCTION = YES;
				GCC_WARN_UNUSED_VARIABLE = YES;
				IPHONEOS_DEPLOYMENT_TARGET = 10.0;
				MTL_ENABLE_DEBUG_INFO = NO;
				SDKROOT = iphoneos;
				TARGETED_DEVICE_FAMILY = "1,2";
				VALIDATE_PRODUCT = YES;
			};
			name = Release;
		};
		F19106C51D2F648F0076F446 /* Debug */ = {
			isa = XCBuildConfiguration;
			buildSettings = {
				ASSETCATALOG_COMPILER_APPICON_NAME = AppIcon;
				INFOPLIST_FILE = "上啦控件/Info.plist";
				LD_RUNPATH_SEARCH_PATHS = "$(inherited) @executable_path/Frameworks";
				PRODUCT_BUNDLE_IDENTIFIER = "com.baidu.www.----";
				PRODUCT_NAME = "$(TARGET_NAME)";
			};
			name = Debug;
		};
		F19106C61D2F648F0076F446 /* Release */ = {
			isa = XCBuildConfiguration;
			buildSettings = {
				ASSETCATALOG_COMPILER_APPICON_NAME = AppIcon;
				INFOPLIST_FILE = "上啦控件/Info.plist";
				LD_RUNPATH_SEARCH_PATHS = "$(inherited) @executable_path/Frameworks";
				PRODUCT_BUNDLE_IDENTIFIER = "com.baidu.www.----";
				PRODUCT_NAME = "$(TARGET_NAME)";
			};
			name = Release;
		};
/* End XCBuildConfiguration section */

/* Begin XCConfigurationList section */
		F19106A81D2F648F0076F446 /* Build configuration list for PBXProject "上啦控件" */ = {
			isa = XCConfigurationList;
			buildConfigurations = (
				F19106C21D2F648F0076F446 /* Debug */,
				F19106C31D2F648F0076F446 /* Release */,
			);
			defaultConfigurationIsVisible = 0;
			defaultConfigurationName = Release;
		};
		F19106C41D2F648F0076F446 /* Build configuration list for PBXNativeTarget "上啦控件" */ = {
			isa = XCConfigurationList;
			buildConfigurations = (
				F19106C51D2F648F0076F446 /* Debug */,
				F19106C61D2F648F0076F446 /* Release */,
			);
			defaultConfigurationIsVisible = 0;
			defaultConfigurationName = Release;
		};
/* End XCConfigurationList section */
	};
	rootObject = F19106A51D2F648F0076F446 /* Project object */;
}
